
Microsoft Visual Studio Solution File, Format Version 12.00
Project("{FAE04EC0-301F-11D3-BF4B-00C04F79EFBC}") = "TecNM.Project.Core", "TecNM.Project.Core\TecNM.Project.Core.csproj", "{9DE53314-DEE8-48D7-B8D4-B938063A256B}"
EndProject
Project("{FAE04EC0-301F-11D3-BF4B-00C04F79EFBC}") = "TecNM.Project.App", "TecNM.Project.App\TecNM.Project.App.csproj", "{3EB1D939-9F6E-4CBA-864C-631C6B0A0523}"
EndProject
Global
	GlobalSection(SolutionConfigurationPlatforms) = preSolution
		Debug|Any CPU = Debug|Any CPU
		Release|Any CPU = Release|Any CPU
	EndGlobalSection
	GlobalSection(ProjectConfigurationPlatforms) = postSolution
		{9DE53314-DEE8-48D7-B8D4-B938063A256B}.Debug|Any CPU.ActiveCfg = Debug|Any CPU
		{9DE53314-DEE8-48D7-B8D4-B938063A256B}.Debug|Any CPU.Build.0 = Debug|Any CPU
		{9DE53314-DEE8-48D7-B8D4-B938063A256B}.Release|Any CPU.ActiveCfg = Release|Any CPU
		{9DE53314-DEE8-48D7-B8D4-B938063A256B}.Release|Any CPU.Build.0 = Release|Any CPU
		{3EB1D939-9F6E-4CBA-864C-631C6B0A0523}.Debug|Any CPU.ActiveCfg = Debug|Any CPU
		{3EB1D939-9F6E-4CBA-864C-631C6B0A0523}.Debug|Any CPU.Build.0 = Debug|Any CPU
		{3EB1D939-9F6E-4CBA-864C-631C6B0A0523}.Release|Any CPU.ActiveCfg = Release|Any CPU
		{3EB1D939-9F6E-4CBA-864C-631C6B0A0523}.Release|Any CPU.Build.0 = Release|Any CPU
	EndGlobalSection
EndGlobal
